{
  "name": "turborepo-basic-shared",
  "version": "0.0.0",
  "lockfileVersion": 1,
  "requires": true,
  "dependencies": {
    "prettier": {
      "version": "2.5.1",
      "resolved": "https://registry.npmjs.org/prettier/-/prettier-2.5.1.tgz",
      "integrity": "sha512-vBZcPRUR5MZJwoyi3ZoyQlc1rXeEck8KgeC9AwwOn+exuxLxq5toTRDTSaVrXHxelDMHy9zlicw8u66yxoSUFg==",
      "dev": true
    },
    "turbo": {
      "version": "1.0.7",
      "resolved": "https://registry.npmjs.org/turbo/-/turbo-1.0.7.tgz",
      "integrity": "sha512-EJRTi3UamxaeXHsSvZxio4DfOv392dt7P7EDGfQ24F3P9oJdD6ffLJhBdQZN2EmCNq5qRnePzzKwNNL2TldmuA==",
      "dev": true,
      "requires": {
        "zlib": "^1.0.5"
      }
    },
    "zlib": {
      "version": "1.0.5",
      "resolved": "https://registry.npmjs.org/zlib/-/zlib-1.0.5.tgz",
      "integrity": "sha1-bnyXL8NxxkWmr7A6sUdp3vEU/MA=",
      "dev": true
    }
  }
}
